
Microsoft Visual Studio Solution File, Format Version 12.00
# Visual Studio Version 17
VisualStudioVersion = 17.7.34221.43
MinimumVisualStudioVersion = 10.0.40219.1
Project("{FAE04EC0-301F-11D3-BF4B-00C04F79EFBC}") = "계산기", "계산기\계산기.csproj", "{C7B9E8A8-FC20-4182-9DFD-EC4178475A8D}"
EndProject
Global
	GlobalSection(SolutionConfigurationPlatforms) = preSolution
		Debug|Any CPU = Debug|Any CPU
		Release|Any CPU = Release|Any CPU
	EndGlobalSection
	GlobalSection(ProjectConfigurationPlatforms) = postSolution
		{C7B9E8A8-FC20-4182-9DFD-EC4178475A8D}.Debug|Any CPU.ActiveCfg = Debug|Any CPU
		{C7B9E8A8-FC20-4182-9DFD-EC4178475A8D}.Debug|Any CPU.Build.0 = Debug|Any CPU
		{C7B9E8A8-FC20-4182-9DFD-EC4178475A8D}.Release|Any CPU.ActiveCfg = Release|Any CPU
		{C7B9E8A8-FC20-4182-9DFD-EC4178475A8D}.Release|Any CPU.Build.0 = Release|Any CPU
	EndGlobalSection
	GlobalSection(SolutionProperties) = preSolution
		HideSolutionNode = FALSE
	EndGlobalSection
	GlobalSection(ExtensibilityGlobals) = postSolution
		SolutionGuid = {6F62C93A-C77E-49F8-B27D-87776BA840D7}
	EndGlobalSection
EndGlobal
